
Microsoft Visual Studio Solution File, Format Version 12.00
# Visual Studio Version 16
VisualStudioVersion = 16.0.31729.503
MinimumVisualStudioVersion = 10.0.40219.1
Project("{FAE04EC0-301F-11D3-BF4B-00C04F79EFBC}") = "Kalkulator", "Kalkulator.csproj", "{EBB27184-0335-4671-8C6A-CA58A28FAAD4}"
EndProject
Global
	GlobalSection(SolutionConfigurationPlatforms) = preSolution
		Debug|Any CPU = Debug|Any CPU
		Release|Any CPU = Release|Any CPU
	EndGlobalSection
	GlobalSection(ProjectConfigurationPlatforms) = postSolution
		{EBB27184-0335-4671-8C6A-CA58A28FAAD4}.Debug|Any CPU.ActiveCfg = Debug|Any CPU
		{EBB27184-0335-4671-8C6A-CA58A28FAAD4}.Debug|Any CPU.Build.0 = Debug|Any CPU
		{EBB27184-0335-4671-8C6A-CA58A28FAAD4}.Release|Any CPU.ActiveCfg = Release|Any CPU
		{EBB27184-0335-4671-8C6A-CA58A28FAAD4}.Release|Any CPU.Build.0 = Release|Any CPU
	EndGlobalSection
	GlobalSection(SolutionProperties) = preSolution
		HideSolutionNode = FALSE
	EndGlobalSection
	GlobalSection(ExtensibilityGlobals) = postSolution
		SolutionGuid = {66DBF172-C248-4772-B048-889EEE13D867}
	EndGlobalSection
EndGlobal
